
Microsoft Visual Studio Solution File, Format Version 10.00
# Visual Studio 2008
Project("{E24C65DC-7377-472B-9ABA-BC803B73C61A}") = "Website3", "..\Website3", "{3BD40BCF-6849-45C4-BD24-FB613FBADB8A}"
	ProjectSection(WebsiteProperties) = preProject
		TargetFramework = "3.5"
		Debug.AspNetCompiler.VirtualPath = "/Website3"
		Debug.AspNetCompiler.PhysicalPath = "E:\作业\c#\课程设计\Website3\"
		Debug.AspNetCompiler.TargetPath = "PrecompiledWeb\Website3\"
		Debug.AspNetCompiler.Updateable = "true"
		Debug.AspNetCompiler.ForceOverwrite = "true"
		Debug.AspNetCompiler.FixedNames = "false"
		Debug.AspNetCompiler.Debug = "True"
		Release.AspNetCompiler.VirtualPath = "/Website3"
		Release.AspNetCompiler.PhysicalPath = "E:\作业\c#\课程设计\Website3\"
		Release.AspNetCompiler.TargetPath = "PrecompiledWeb\Website3\"
		Release.AspNetCompiler.Updateable = "true"
		Release.AspNetCompiler.ForceOverwrite = "true"
		Release.AspNetCompiler.FixedNames = "false"
		Release.AspNetCompiler.Debug = "False"
		VWDPort = "52584"
	EndProjectSection
EndProject
Global
	GlobalSection(SolutionConfigurationPlatforms) = preSolution
		Debug|.NET = Debug|.NET
	EndGlobalSection
	GlobalSection(ProjectConfigurationPlatforms) = postSolution
		{3BD40BCF-6849-45C4-BD24-FB613FBADB8A}.Debug|.NET.ActiveCfg = Debug|.NET
		{3BD40BCF-6849-45C4-BD24-FB613FBADB8A}.Debug|.NET.Build.0 = Debug|.NET
	EndGlobalSection
	GlobalSection(SolutionProperties) = preSolution
		HideSolutionNode = FALSE
	EndGlobalSection
EndGlobal
