
Microsoft Visual Studio Solution File, Format Version 12.00
# Visual Studio 14
VisualStudioVersion = 14.0.25420.1
MinimumVisualStudioVersion = 10.0.40219.1
Project("{E24C65DC-7377-472B-9ABA-BC803B73C61A}") = "zxn新闻论坛发布系统源码毕设", ".", "{F38E6ADB-ED16-4BAA-B501-6505081036D2}"
	ProjectSection(WebsiteProperties) = preProject
		TargetFrameworkMoniker = ".NETFramework,Version%3Dv3.5"
		Debug.AspNetCompiler.VirtualPath = "/localhost_14565"
		Debug.AspNetCompiler.PhysicalPath = "..\..\..\..\Desktop\zxn新闻论坛发布系统源码毕设\"
		Debug.AspNetCompiler.TargetPath = "PrecompiledWeb\localhost_14565\"
		Debug.AspNetCompiler.Updateable = "true"
		Debug.AspNetCompiler.ForceOverwrite = "true"
		Debug.AspNetCompiler.FixedNames = "false"
		Debug.AspNetCompiler.Debug = "True"
		Release.AspNetCompiler.VirtualPath = "/localhost_14565"
		Release.AspNetCompiler.PhysicalPath = "..\..\..\..\Desktop\zxn新闻论坛发布系统源码毕设\"
		Release.AspNetCompiler.TargetPath = "PrecompiledWeb\localhost_14565\"
		Release.AspNetCompiler.Updateable = "true"
		Release.AspNetCompiler.ForceOverwrite = "true"
		Release.AspNetCompiler.FixedNames = "false"
		Release.AspNetCompiler.Debug = "False"
		VWDPort = "14565"
	EndProjectSection
EndProject
Global
	GlobalSection(SolutionConfigurationPlatforms) = preSolution
		Debug|Any CPU = Debug|Any CPU
	EndGlobalSection
	GlobalSection(ProjectConfigurationPlatforms) = postSolution
		{F38E6ADB-ED16-4BAA-B501-6505081036D2}.Debug|Any CPU.ActiveCfg = Debug|Any CPU
		{F38E6ADB-ED16-4BAA-B501-6505081036D2}.Debug|Any CPU.Build.0 = Debug|Any CPU
	EndGlobalSection
	GlobalSection(SolutionProperties) = preSolution
		HideSolutionNode = FALSE
	EndGlobalSection
EndGlobal
