
Microsoft Visual Studio Solution File, Format Version 12.00
# Visual Studio 15
VisualStudioVersion = 15.0.28307.168
MinimumVisualStudioVersion = 10.0.40219.1
Project("{E24C65DC-7377-472B-9ABA-BC803B73C61A}") = "02Project(4)", ".", "{6D490DB7-5CC5-4977-A2F8-DC2A001A2EAF}"
	ProjectSection(WebsiteProperties) = preProject
		TargetFrameworkMoniker = ".NETFramework,Version%3Dv2.0"
		Debug.AspNetCompiler.VirtualPath = "/localhost_53814"
		Debug.AspNetCompiler.PhysicalPath = "D:\01Project\09毕业设计\杨著旅游系统\02Project\"
		Debug.AspNetCompiler.TargetPath = "PrecompiledWeb\localhost_53814\"
		Debug.AspNetCompiler.Updateable = "true"
		Debug.AspNetCompiler.ForceOverwrite = "true"
		Debug.AspNetCompiler.FixedNames = "false"
		Debug.AspNetCompiler.Debug = "True"
		Release.AspNetCompiler.VirtualPath = "/localhost_53814"
		Release.AspNetCompiler.PhysicalPath = "D:\01Project\09毕业设计\杨著旅游系统\02Project\"
		Release.AspNetCompiler.TargetPath = "PrecompiledWeb\localhost_53814\"
		Release.AspNetCompiler.Updateable = "true"
		Release.AspNetCompiler.ForceOverwrite = "true"
		Release.AspNetCompiler.FixedNames = "false"
		Release.AspNetCompiler.Debug = "False"
		VWDPort = "53814"
	EndProjectSection
EndProject
Global
	GlobalSection(SolutionConfigurationPlatforms) = preSolution
		Debug|Any CPU = Debug|Any CPU
	EndGlobalSection
	GlobalSection(ProjectConfigurationPlatforms) = postSolution
		{6D490DB7-5CC5-4977-A2F8-DC2A001A2EAF}.Debug|Any CPU.ActiveCfg = Debug|Any CPU
		{6D490DB7-5CC5-4977-A2F8-DC2A001A2EAF}.Debug|Any CPU.Build.0 = Debug|Any CPU
	EndGlobalSection
	GlobalSection(SolutionProperties) = preSolution
		HideSolutionNode = FALSE
	EndGlobalSection
	GlobalSection(ExtensibilityGlobals) = postSolution
		SolutionGuid = {CC3AB874-4F10-4EAC-BAA1-655F581817A8}
	EndGlobalSection
EndGlobal
