
Microsoft Visual Studio Solution File, Format Version 9.00
# Visual Studio 2005
Project("{E24C65DC-7377-472B-9ABA-BC803B73C61A}") = "E:\...\JiaTingLiCaiWebMIs\", ".", "{7DABCDD5-AD8D-4647-8FE4-02732DD0399A}"
	ProjectSection(WebsiteProperties) = preProject
		Debug.AspNetCompiler.VirtualPath = "/JiaTingLiCaiWebMIs"
		Debug.AspNetCompiler.PhysicalPath = "..\JiaTingLiCaiWebMIs\"
		Debug.AspNetCompiler.TargetPath = "PrecompiledWeb\JiaTingLiCaiWebMIs\"
		Debug.AspNetCompiler.Updateable = "true"
		Debug.AspNetCompiler.ForceOverwrite = "true"
		Debug.AspNetCompiler.FixedNames = "false"
		Debug.AspNetCompiler.Debug = "True"
		Release.AspNetCompiler.VirtualPath = "/JiaTingLiCaiWebMIs"
		Release.AspNetCompiler.PhysicalPath = "..\JiaTingLiCaiWebMIs\"
		Release.AspNetCompiler.TargetPath = "PrecompiledWeb\JiaTingLiCaiWebMIs\"
		Release.AspNetCompiler.Updateable = "true"
		Release.AspNetCompiler.ForceOverwrite = "true"
		Release.AspNetCompiler.FixedNames = "false"
		Release.AspNetCompiler.Debug = "False"
		VWDPort = "49993"
		DefaultWebSiteLanguage = "Visual C#"
	EndProjectSection
EndProject
Global
	GlobalSection(SolutionConfigurationPlatforms) = preSolution
		Debug|.NET = Debug|.NET
	EndGlobalSection
	GlobalSection(ProjectConfigurationPlatforms) = postSolution
		{7DABCDD5-AD8D-4647-8FE4-02732DD0399A}.Debug|.NET.ActiveCfg = Debug|.NET
		{7DABCDD5-AD8D-4647-8FE4-02732DD0399A}.Debug|.NET.Build.0 = Debug|.NET
	EndGlobalSection
	GlobalSection(SolutionProperties) = preSolution
		HideSolutionNode = FALSE
	EndGlobalSection
EndGlobal
