
Microsoft Visual Studio Solution File, Format Version 10.00
# Visual Studio 2008
Project("{E24C65DC-7377-472B-9ABA-BC803B73C61A}") = "tgw", ".", "{2B235CFC-E685-4AEE-B136-44689E8F92AD}"
	ProjectSection(WebsiteProperties) = preProject
		TargetFramework = "3.5"
		Debug.AspNetCompiler.VirtualPath = "/tgw"
		Debug.AspNetCompiler.PhysicalPath = "..\tgw\"
		Debug.AspNetCompiler.TargetPath = "PrecompiledWeb\tgw\"
		Debug.AspNetCompiler.Updateable = "true"
		Debug.AspNetCompiler.ForceOverwrite = "true"
		Debug.AspNetCompiler.FixedNames = "false"
		Debug.AspNetCompiler.Debug = "True"
		Release.AspNetCompiler.VirtualPath = "/tgw"
		Release.AspNetCompiler.PhysicalPath = "..\tgw\"
		Release.AspNetCompiler.TargetPath = "PrecompiledWeb\tgw\"
		Release.AspNetCompiler.Updateable = "true"
		Release.AspNetCompiler.ForceOverwrite = "true"
		Release.AspNetCompiler.FixedNames = "false"
		Release.AspNetCompiler.Debug = "False"
		VWDPort = "4083"
	EndProjectSection
EndProject
Global
	GlobalSection(SolutionConfigurationPlatforms) = preSolution
		Debug|.NET = Debug|.NET
	EndGlobalSection
	GlobalSection(ProjectConfigurationPlatforms) = postSolution
		{2B235CFC-E685-4AEE-B136-44689E8F92AD}.Debug|.NET.ActiveCfg = Debug|.NET
		{2B235CFC-E685-4AEE-B136-44689E8F92AD}.Debug|.NET.Build.0 = Debug|.NET
	EndGlobalSection
	GlobalSection(SolutionProperties) = preSolution
		HideSolutionNode = FALSE
	EndGlobalSection
EndGlobal
